
Microsoft Visual Studio Solution File, Format Version 12.00
# Visual Studio Version 16
VisualStudioVersion = 16.0.32929.386
MinimumVisualStudioVersion = 10.0.40219.1
Project("{FAE04EC0-301F-11D3-BF4B-00C04F79EFBC}") = "Detektor", "Detektor\Detektor.csproj", "{0779D9BA-041E-4CC6-BEE7-9C82ABAADF16}"
EndProject
Global
	GlobalSection(SolutionConfigurationPlatforms) = preSolution
		Debug|Any CPU = Debug|Any CPU
		Release|Any CPU = Release|Any CPU
	EndGlobalSection
	GlobalSection(ProjectConfigurationPlatforms) = postSolution
		{0779D9BA-041E-4CC6-BEE7-9C82ABAADF16}.Debug|Any CPU.ActiveCfg = Debug|Any CPU
		{0779D9BA-041E-4CC6-BEE7-9C82ABAADF16}.Debug|Any CPU.Build.0 = Debug|Any CPU
		{0779D9BA-041E-4CC6-BEE7-9C82ABAADF16}.Release|Any CPU.ActiveCfg = Release|Any CPU
		{0779D9BA-041E-4CC6-BEE7-9C82ABAADF16}.Release|Any CPU.Build.0 = Release|Any CPU
	EndGlobalSection
	GlobalSection(SolutionProperties) = preSolution
		HideSolutionNode = FALSE
	EndGlobalSection
	GlobalSection(ExtensibilityGlobals) = postSolution
		SolutionGuid = {4EE67A6A-4A7F-4CAC-BFD4-4FD9AFAE1C84}
	EndGlobalSection
EndGlobal
